{
  "version": 4,
  "terraform_version": "1.10.3",
  "serial": 136,
  "lineage": "7afb6505-43c1-e223-8cfe-876afc00687f",
  "outputs": {},
  "resources": [
    {
      "mode": "managed",
      "type": "aws_vpc",
      "name": "devops_vpc",
      "provider": "provider[\"registry.terraform.io/hashicorp/aws\"]",
      "instances": [
        {
          "schema_version": 1,
          "attributes": {
            "arn": "arn:aws:ec2:eu-west-2:385551094873:vpc/vpc-07d8bc22d933d16a2",
            "assign_generated_ipv6_cidr_block": false,
            "cidr_block": "10.0.0.0/16",
            "default_network_acl_id": "acl-07a63663a5a4309dc",
            "default_route_table_id": "rtb-0ad9ffc1fbc9b88d3",
            "default_security_group_id": "sg-06a86da00cc15c426",
            "dhcp_options_id": "dopt-04a65592370f60114",
            "enable_dns_hostnames": false,
            "enable_dns_support": true,
            "enable_network_address_usage_metrics": false,
            "id": "vpc-07d8bc22d933d16a2",
            "instance_tenancy": "default",
            "ipv4_ipam_pool_id": null,
            "ipv4_netmask_length": null,
            "ipv6_association_id": "",
            "ipv6_cidr_block": "",
            "ipv6_cidr_block_network_border_group": "",
            "ipv6_ipam_pool_id": "",
            "ipv6_netmask_length": 0,
            "main_route_table_id": "rtb-0ad9ffc1fbc9b88d3",
            "owner_id": "385551094873",
            "tags": {
              "Name": "devops-project-vpc"
            },
            "tags_all": {
              "Name": "devops-project-vpc"
            }
          },
          "sensitive_attributes": [],
          "private": "eyJzY2hlbWFfdmVyc2lvbiI6IjEifQ=="
        }
      ]
    }
  ],
  "check_results": null
}
